
Microsoft Visual Studio Solution File, Format Version 12.00
# Visual Studio Version 16
VisualStudioVersion = 16.0.33130.400
MinimumVisualStudioVersion = 10.0.40219.1
Project("{FAE04EC0-301F-11D3-BF4B-00C04F79EFBC}") = "SuperMarket", "SuperMarket.csproj", "{BB1845A7-397D-493D-9697-CF16B51EFD0D}"
EndProject
Global
	GlobalSection(SolutionConfigurationPlatforms) = preSolution
		Debug|Any CPU = Debug|Any CPU
		Release|Any CPU = Release|Any CPU
	EndGlobalSection
	GlobalSection(ProjectConfigurationPlatforms) = postSolution
		{BB1845A7-397D-493D-9697-CF16B51EFD0D}.Debug|Any CPU.ActiveCfg = Debug|Any CPU
		{BB1845A7-397D-493D-9697-CF16B51EFD0D}.Debug|Any CPU.Build.0 = Debug|Any CPU
		{BB1845A7-397D-493D-9697-CF16B51EFD0D}.Release|Any CPU.ActiveCfg = Release|Any CPU
		{BB1845A7-397D-493D-9697-CF16B51EFD0D}.Release|Any CPU.Build.0 = Release|Any CPU
	EndGlobalSection
	GlobalSection(SolutionProperties) = preSolution
		HideSolutionNode = FALSE
	EndGlobalSection
	GlobalSection(ExtensibilityGlobals) = postSolution
		SolutionGuid = {84883608-1F76-4166-B257-8AC06A993A36}
	EndGlobalSection
EndGlobal
